
Microsoft Visual Studio Solution File, Format Version 12.00
# Visual Studio Version 17
VisualStudioVersion = 17.9.34622.214
MinimumVisualStudioVersion = 10.0.40219.1
Project("{FAE04EC0-301F-11D3-BF4B-00C04F79EFBC}") = "DVLD", "DVLD.csproj", "{FFAA1505-EF55-4C99-A768-101E47C7A6C8}"
EndProject
Project("{FAE04EC0-301F-11D3-BF4B-00C04F79EFBC}") = "DVLD_DataAccessLayer", "..\DVLD_DataAccessLayer\DVLD_DataAccessLayer.csproj", "{22C9F169-EBD4-466E-8745-4D19AC344BE6}"
EndProject
Project("{FAE04EC0-301F-11D3-BF4B-00C04F79EFBC}") = "DVLD_BusinessLayer", "..\DVLD_BusinessLayer\DVLD_BusinessLayer.csproj", "{1253710E-25DD-4F4F-BB29-05BF51462F18}"
EndProject
Global
	GlobalSection(SolutionConfigurationPlatforms) = preSolution
		Debug|Any CPU = Debug|Any CPU
		Release|Any CPU = Release|Any CPU
	EndGlobalSection
	GlobalSection(ProjectConfigurationPlatforms) = postSolution
		{FFAA1505-EF55-4C99-A768-101E47C7A6C8}.Debug|Any CPU.ActiveCfg = Debug|Any CPU
		{FFAA1505-EF55-4C99-A768-101E47C7A6C8}.Debug|Any CPU.Build.0 = Debug|Any CPU
		{FFAA1505-EF55-4C99-A768-101E47C7A6C8}.Release|Any CPU.ActiveCfg = Release|Any CPU
		{FFAA1505-EF55-4C99-A768-101E47C7A6C8}.Release|Any CPU.Build.0 = Release|Any CPU
		{22C9F169-EBD4-466E-8745-4D19AC344BE6}.Debug|Any CPU.ActiveCfg = Debug|Any CPU
		{22C9F169-EBD4-466E-8745-4D19AC344BE6}.Debug|Any CPU.Build.0 = Debug|Any CPU
		{22C9F169-EBD4-466E-8745-4D19AC344BE6}.Release|Any CPU.ActiveCfg = Release|Any CPU
		{22C9F169-EBD4-466E-8745-4D19AC344BE6}.Release|Any CPU.Build.0 = Release|Any CPU
		{1253710E-25DD-4F4F-BB29-05BF51462F18}.Debug|Any CPU.ActiveCfg = Debug|Any CPU
		{1253710E-25DD-4F4F-BB29-05BF51462F18}.Debug|Any CPU.Build.0 = Debug|Any CPU
		{1253710E-25DD-4F4F-BB29-05BF51462F18}.Release|Any CPU.ActiveCfg = Release|Any CPU
		{1253710E-25DD-4F4F-BB29-05BF51462F18}.Release|Any CPU.Build.0 = Release|Any CPU
	EndGlobalSection
	GlobalSection(SolutionProperties) = preSolution
		HideSolutionNode = FALSE
	EndGlobalSection
	GlobalSection(ExtensibilityGlobals) = postSolution
		SolutionGuid = {7CA88FE8-3CB0-4670-9E3B-F98F101C2259}
	EndGlobalSection
EndGlobal
